
Microsoft Visual Studio Solution File, Format Version 12.00
# Visual Studio 2013
VisualStudioVersion = 12.0.21005.1
MinimumVisualStudioVersion = 10.0.40219.1
Project("{E24C65DC-7377-472B-9ABA-BC803B73C61A}") = "Eshop", "http://localhost:3196", "{2147FA3B-403D-4672-BDBE-F5294FEECA59}"
	ProjectSection(WebsiteProperties) = preProject
		UseIISExpress = "true"
		TargetFrameworkMoniker = ".NETFramework,Version%3Dv4.5"
		ProjectReferences = ""
		Debug.AspNetCompiler.VirtualPath = "/localhost_3196"
		Debug.AspNetCompiler.PhysicalPath = "Eshop\"
		Debug.AspNetCompiler.TargetPath = "PrecompiledWeb\localhost_3196\"
		Debug.AspNetCompiler.Updateable = "true"
		Debug.AspNetCompiler.ForceOverwrite = "true"
		Debug.AspNetCompiler.FixedNames = "false"
		Debug.AspNetCompiler.Debug = "True"
		Release.AspNetCompiler.VirtualPath = "/localhost_3196"
		Release.AspNetCompiler.PhysicalPath = "Eshop\"
		Release.AspNetCompiler.TargetPath = "PrecompiledWeb\localhost_3196\"
		Release.AspNetCompiler.Updateable = "true"
		Release.AspNetCompiler.ForceOverwrite = "true"
		Release.AspNetCompiler.FixedNames = "false"
		Release.AspNetCompiler.Debug = "False"
		SlnRelativePath = "Eshop\"
		DefaultWebSiteLanguage = "Visual C#"
	EndProjectSection
EndProject
Project("{FAE04EC0-301F-11D3-BF4B-00C04F79EFBC}") = "ask", "ask\ask.csproj", "{EA80BC33-61F4-44BC-A05A-D3C89C44A016}"
EndProject
Global
	GlobalSection(SolutionConfigurationPlatforms) = preSolution
		Debug|Any CPU = Debug|Any CPU
		Release|Any CPU = Release|Any CPU
	EndGlobalSection
	GlobalSection(ProjectConfigurationPlatforms) = postSolution
		{2147FA3B-403D-4672-BDBE-F5294FEECA59}.Debug|Any CPU.ActiveCfg = Debug|Any CPU
		{2147FA3B-403D-4672-BDBE-F5294FEECA59}.Debug|Any CPU.Build.0 = Debug|Any CPU
		{2147FA3B-403D-4672-BDBE-F5294FEECA59}.Release|Any CPU.ActiveCfg = Debug|Any CPU
		{2147FA3B-403D-4672-BDBE-F5294FEECA59}.Release|Any CPU.Build.0 = Debug|Any CPU
		{EA80BC33-61F4-44BC-A05A-D3C89C44A016}.Debug|Any CPU.ActiveCfg = Debug|Any CPU
		{EA80BC33-61F4-44BC-A05A-D3C89C44A016}.Debug|Any CPU.Build.0 = Debug|Any CPU
		{EA80BC33-61F4-44BC-A05A-D3C89C44A016}.Release|Any CPU.ActiveCfg = Release|Any CPU
		{EA80BC33-61F4-44BC-A05A-D3C89C44A016}.Release|Any CPU.Build.0 = Release|Any CPU
	EndGlobalSection
	GlobalSection(SolutionProperties) = preSolution
		HideSolutionNode = FALSE
	EndGlobalSection
EndGlobal
